
Microsoft Visual Studio Solution File, Format Version 11.00
# Visual Studio 2010
Project("{FAE04EC0-301F-11D3-BF4B-00C04F79EFBC}") = "UnityEngine.TestRunner", "UnityEngine.TestRunner.csproj", "{ff5c4c1e-4a91-e0a7-0a47-2809e921ed00}"
EndProject
Project("{FAE04EC0-301F-11D3-BF4B-00C04F79EFBC}") = "UnityEngine.UI", "UnityEngine.UI.csproj", "{fd135205-6f05-da4a-19e9-3873c82bf4c0}"
EndProject
Project("{FAE04EC0-301F-11D3-BF4B-00C04F79EFBC}") = "Unity.VisualScripting.Flow", "Unity.VisualScripting.Flow.csproj", "{f5ec72de-9bfb-6e75-1de7-fe901c2f1efc}"
EndProject
Project("{FAE04EC0-301F-11D3-BF4B-00C04F79EFBC}") = "Unity.VisualScripting.State", "Unity.VisualScripting.State.csproj", "{77e1672b-b4d4-f14d-cf9a-ae7fb5c6d59d}"
EndProject
Project("{FAE04EC0-301F-11D3-BF4B-00C04F79EFBC}") = "Unity.VisualScripting.Core", "Unity.VisualScripting.Core.csproj", "{ca6f57d2-cc69-ca53-21e0-a15715745de3}"
EndProject
Project("{FAE04EC0-301F-11D3-BF4B-00C04F79EFBC}") = "Unity.TextMeshPro", "Unity.TextMeshPro.csproj", "{3d24652a-8102-9d0f-062b-acbaafc6595f}"
EndProject
Project("{FAE04EC0-301F-11D3-BF4B-00C04F79EFBC}") = "Unity.Timeline", "Unity.Timeline.csproj", "{3261f157-e750-198d-b8b6-2c388cfafd08}"
EndProject
Project("{FAE04EC0-301F-11D3-BF4B-00C04F79EFBC}") = "Assembly-CSharp", "Assembly-CSharp.csproj", "{d11996b8-8f03-00bc-49dd-7b6f193e34d0}"
EndProject
Project("{FAE04EC0-301F-11D3-BF4B-00C04F79EFBC}") = "Unity.PlasticSCM.Editor", "Unity.PlasticSCM.Editor.csproj", "{60d8e323-211b-1ce2-6796-ecced5605d48}"
EndProject
Project("{FAE04EC0-301F-11D3-BF4B-00C04F79EFBC}") = "Unity.VisualScripting.Core.Editor", "Unity.VisualScripting.Core.Editor.csproj", "{c3838813-c50b-7753-6a44-1421c677cf73}"
EndProject
Project("{FAE04EC0-301F-11D3-BF4B-00C04F79EFBC}") = "Unity.VisualScripting.Flow.Editor", "Unity.VisualScripting.Flow.Editor.csproj", "{fcffe137-4deb-2b46-89b1-2b653a646e01}"
EndProject
Project("{FAE04EC0-301F-11D3-BF4B-00C04F79EFBC}") = "Unity.VisualStudio.Editor", "Unity.VisualStudio.Editor.csproj", "{3f2ba3b6-ec91-e2d9-6460-fbdf6cef3ea2}"
EndProject
Project("{FAE04EC0-301F-11D3-BF4B-00C04F79EFBC}") = "Unity.Timeline.Editor", "Unity.Timeline.Editor.csproj", "{6bc51391-9d57-c992-8682-18b4d11262a4}"
EndProject
Project("{FAE04EC0-301F-11D3-BF4B-00C04F79EFBC}") = "Unity.VisualScripting.State.Editor", "Unity.VisualScripting.State.Editor.csproj", "{dabd4e0c-2055-b718-747a-e828f632559e}"
EndProject
Project("{FAE04EC0-301F-11D3-BF4B-00C04F79EFBC}") = "Unity.TextMeshPro.Editor", "Unity.TextMeshPro.Editor.csproj", "{42be1ef3-3c6f-e254-060d-125601f2b381}"
EndProject
Project("{FAE04EC0-301F-11D3-BF4B-00C04F79EFBC}") = "Unity.VisualScripting.SettingsProvider.Editor", "Unity.VisualScripting.SettingsProvider.Editor.csproj", "{6d67d524-c4cb-5387-14fc-3d04d65d4d02}"
EndProject
Project("{FAE04EC0-301F-11D3-BF4B-00C04F79EFBC}") = "UnityEditor.TestRunner", "UnityEditor.TestRunner.csproj", "{fca585ff-a8e2-66a7-48e8-0d0842a43617}"
EndProject
Project("{FAE04EC0-301F-11D3-BF4B-00C04F79EFBC}") = "Unity.TestTools.CodeCoverage.Editor", "Unity.TestTools.CodeCoverage.Editor.csproj", "{cae62b94-9fb7-b47f-0511-1355d76fa77d}"
EndProject
Project("{FAE04EC0-301F-11D3-BF4B-00C04F79EFBC}") = "Unity.Rider.Editor", "Unity.Rider.Editor.csproj", "{aa265198-7832-a65b-df78-7591fc4f306c}"
EndProject
Project("{FAE04EC0-301F-11D3-BF4B-00C04F79EFBC}") = "Unity.Performance.Profile-Analyzer.Editor", "Unity.Performance.Profile-Analyzer.Editor.csproj", "{faf63858-9ee1-94a0-4a7a-3e0393429e36}"
EndProject
Project("{FAE04EC0-301F-11D3-BF4B-00C04F79EFBC}") = "Unity.VSCode.Editor", "Unity.VSCode.Editor.csproj", "{4ca62155-1cd0-c4e3-73da-7af3be39a5b5}"
EndProject
Project("{FAE04EC0-301F-11D3-BF4B-00C04F79EFBC}") = "UnityEditor.UI", "UnityEditor.UI.csproj", "{493920f6-5350-72e8-6f0c-9d1678b7ffdb}"
EndProject
Project("{FAE04EC0-301F-11D3-BF4B-00C04F79EFBC}") = "Unity.TestTools.CodeCoverage.Editor.OpenCover.Model", "Unity.TestTools.CodeCoverage.Editor.OpenCover.Model.csproj", "{a5a7042b-361d-b237-3d3b-fef2d8aafcd8}"
EndProject
Project("{FAE04EC0-301F-11D3-BF4B-00C04F79EFBC}") = "Unity.EditorCoroutines.Editor", "Unity.EditorCoroutines.Editor.csproj", "{baf456d0-a61a-bd34-145b-3c93453e737d}"
EndProject
Project("{FAE04EC0-301F-11D3-BF4B-00C04F79EFBC}") = "Unity.Settings.Editor", "Unity.Settings.Editor.csproj", "{96bc4733-8bf5-bbbf-7b35-24ba7f645b16}"
EndProject
Project("{FAE04EC0-301F-11D3-BF4B-00C04F79EFBC}") = "Unity.CollabProxy.Editor", "Unity.CollabProxy.Editor.csproj", "{0c5601af-cf1a-d8c5-63b9-cb7596ccc587}"
EndProject
Project("{FAE04EC0-301F-11D3-BF4B-00C04F79EFBC}") = "Unity.TestTools.CodeCoverage.Editor.OpenCover.Mono.Reflection", "Unity.TestTools.CodeCoverage.Editor.OpenCover.Mono.Reflection.csproj", "{e28ae089-5fe8-1c1d-648c-f72b63ba183b}"
EndProject
Project("{FAE04EC0-301F-11D3-BF4B-00C04F79EFBC}") = "Unity.VisualScripting.Shared.Editor", "Unity.VisualScripting.Shared.Editor.csproj", "{6c7b00c9-3da7-fbc7-faf2-2b5666d5f278}"
EndProject
Global
	GlobalSection(SolutionConfigurationPlatforms) = preSolution
		Debug|Any CPU = Debug|Any CPU
	EndGlobalSection
	GlobalSection(ProjectConfigurationPlatforms) = postSolution
		{ff5c4c1e-4a91-e0a7-0a47-2809e921ed00}.Debug|Any CPU.ActiveCfg = Debug|Any CPU
		{ff5c4c1e-4a91-e0a7-0a47-2809e921ed00}.Debug|Any CPU.Build.0 = Debug|Any CPU
		{fd135205-6f05-da4a-19e9-3873c82bf4c0}.Debug|Any CPU.ActiveCfg = Debug|Any CPU
		{fd135205-6f05-da4a-19e9-3873c82bf4c0}.Debug|Any CPU.Build.0 = Debug|Any CPU
		{f5ec72de-9bfb-6e75-1de7-fe901c2f1efc}.Debug|Any CPU.ActiveCfg = Debug|Any CPU
		{f5ec72de-9bfb-6e75-1de7-fe901c2f1efc}.Debug|Any CPU.Build.0 = Debug|Any CPU
		{77e1672b-b4d4-f14d-cf9a-ae7fb5c6d59d}.Debug|Any CPU.ActiveCfg = Debug|Any CPU
		{77e1672b-b4d4-f14d-cf9a-ae7fb5c6d59d}.Debug|Any CPU.Build.0 = Debug|Any CPU
		{ca6f57d2-cc69-ca53-21e0-a15715745de3}.Debug|Any CPU.ActiveCfg = Debug|Any CPU
		{ca6f57d2-cc69-ca53-21e0-a15715745de3}.Debug|Any CPU.Build.0 = Debug|Any CPU
		{3d24652a-8102-9d0f-062b-acbaafc6595f}.Debug|Any CPU.ActiveCfg = Debug|Any CPU
		{3d24652a-8102-9d0f-062b-acbaafc6595f}.Debug|Any CPU.Build.0 = Debug|Any CPU
		{3261f157-e750-198d-b8b6-2c388cfafd08}.Debug|Any CPU.ActiveCfg = Debug|Any CPU
		{3261f157-e750-198d-b8b6-2c388cfafd08}.Debug|Any CPU.Build.0 = Debug|Any CPU
		{d11996b8-8f03-00bc-49dd-7b6f193e34d0}.Debug|Any CPU.ActiveCfg = Debug|Any CPU
		{d11996b8-8f03-00bc-49dd-7b6f193e34d0}.Debug|Any CPU.Build.0 = Debug|Any CPU
		{60d8e323-211b-1ce2-6796-ecced5605d48}.Debug|Any CPU.ActiveCfg = Debug|Any CPU
		{60d8e323-211b-1ce2-6796-ecced5605d48}.Debug|Any CPU.Build.0 = Debug|Any CPU
		{c3838813-c50b-7753-6a44-1421c677cf73}.Debug|Any CPU.ActiveCfg = Debug|Any CPU
		{c3838813-c50b-7753-6a44-1421c677cf73}.Debug|Any CPU.Build.0 = Debug|Any CPU
		{fcffe137-4deb-2b46-89b1-2b653a646e01}.Debug|Any CPU.ActiveCfg = Debug|Any CPU
		{fcffe137-4deb-2b46-89b1-2b653a646e01}.Debug|Any CPU.Build.0 = Debug|Any CPU
		{3f2ba3b6-ec91-e2d9-6460-fbdf6cef3ea2}.Debug|Any CPU.ActiveCfg = Debug|Any CPU
		{3f2ba3b6-ec91-e2d9-6460-fbdf6cef3ea2}.Debug|Any CPU.Build.0 = Debug|Any CPU
		{6bc51391-9d57-c992-8682-18b4d11262a4}.Debug|Any CPU.ActiveCfg = Debug|Any CPU
		{6bc51391-9d57-c992-8682-18b4d11262a4}.Debug|Any CPU.Build.0 = Debug|Any CPU
		{dabd4e0c-2055-b718-747a-e828f632559e}.Debug|Any CPU.ActiveCfg = Debug|Any CPU
		{dabd4e0c-2055-b718-747a-e828f632559e}.Debug|Any CPU.Build.0 = Debug|Any CPU
		{42be1ef3-3c6f-e254-060d-125601f2b381}.Debug|Any CPU.ActiveCfg = Debug|Any CPU
		{42be1ef3-3c6f-e254-060d-125601f2b381}.Debug|Any CPU.Build.0 = Debug|Any CPU
		{6d67d524-c4cb-5387-14fc-3d04d65d4d02}.Debug|Any CPU.ActiveCfg = Debug|Any CPU
		{6d67d524-c4cb-5387-14fc-3d04d65d4d02}.Debug|Any CPU.Build.0 = Debug|Any CPU
		{fca585ff-a8e2-66a7-48e8-0d0842a43617}.Debug|Any CPU.ActiveCfg = Debug|Any CPU
		{fca585ff-a8e2-66a7-48e8-0d0842a43617}.Debug|Any CPU.Build.0 = Debug|Any CPU
		{cae62b94-9fb7-b47f-0511-1355d76fa77d}.Debug|Any CPU.ActiveCfg = Debug|Any CPU
		{cae62b94-9fb7-b47f-0511-1355d76fa77d}.Debug|Any CPU.Build.0 = Debug|Any CPU
		{aa265198-7832-a65b-df78-7591fc4f306c}.Debug|Any CPU.ActiveCfg = Debug|Any CPU
		{aa265198-7832-a65b-df78-7591fc4f306c}.Debug|Any CPU.Build.0 = Debug|Any CPU
		{faf63858-9ee1-94a0-4a7a-3e0393429e36}.Debug|Any CPU.ActiveCfg = Debug|Any CPU
		{faf63858-9ee1-94a0-4a7a-3e0393429e36}.Debug|Any CPU.Build.0 = Debug|Any CPU
		{4ca62155-1cd0-c4e3-73da-7af3be39a5b5}.Debug|Any CPU.ActiveCfg = Debug|Any CPU
		{4ca62155-1cd0-c4e3-73da-7af3be39a5b5}.Debug|Any CPU.Build.0 = Debug|Any CPU
		{493920f6-5350-72e8-6f0c-9d1678b7ffdb}.Debug|Any CPU.ActiveCfg = Debug|Any CPU
		{493920f6-5350-72e8-6f0c-9d1678b7ffdb}.Debug|Any CPU.Build.0 = Debug|Any CPU
		{a5a7042b-361d-b237-3d3b-fef2d8aafcd8}.Debug|Any CPU.ActiveCfg = Debug|Any CPU
		{a5a7042b-361d-b237-3d3b-fef2d8aafcd8}.Debug|Any CPU.Build.0 = Debug|Any CPU
		{baf456d0-a61a-bd34-145b-3c93453e737d}.Debug|Any CPU.ActiveCfg = Debug|Any CPU
		{baf456d0-a61a-bd34-145b-3c93453e737d}.Debug|Any CPU.Build.0 = Debug|Any CPU
		{96bc4733-8bf5-bbbf-7b35-24ba7f645b16}.Debug|Any CPU.ActiveCfg = Debug|Any CPU
		{96bc4733-8bf5-bbbf-7b35-24ba7f645b16}.Debug|Any CPU.Build.0 = Debug|Any CPU
		{0c5601af-cf1a-d8c5-63b9-cb7596ccc587}.Debug|Any CPU.ActiveCfg = Debug|Any CPU
		{0c5601af-cf1a-d8c5-63b9-cb7596ccc587}.Debug|Any CPU.Build.0 = Debug|Any CPU
		{e28ae089-5fe8-1c1d-648c-f72b63ba183b}.Debug|Any CPU.ActiveCfg = Debug|Any CPU
		{e28ae089-5fe8-1c1d-648c-f72b63ba183b}.Debug|Any CPU.Build.0 = Debug|Any CPU
		{6c7b00c9-3da7-fbc7-faf2-2b5666d5f278}.Debug|Any CPU.ActiveCfg = Debug|Any CPU
		{6c7b00c9-3da7-fbc7-faf2-2b5666d5f278}.Debug|Any CPU.Build.0 = Debug|Any CPU
	EndGlobalSection
	GlobalSection(SolutionProperties) = preSolution
		HideSolutionNode = FALSE
	EndGlobalSection
EndGlobal
