
Microsoft Visual Studio Solution File, Format Version 11.00
# Visual Studio 2010
Project("{FAE04EC0-301F-11D3-BF4B-00C04F79EFBC}") = "UnityEngine.TestRunner", "UnityEngine.TestRunner.csproj", "{f124c5f0-7c07-e1dc-d780-2664ba81ed80}"
EndProject
Project("{FAE04EC0-301F-11D3-BF4B-00C04F79EFBC}") = "UnityEngine.UI", "UnityEngine.UI.csproj", "{6dc92e53-536a-4dec-2a6e-88e5c9f9dbea}"
EndProject
Project("{FAE04EC0-301F-11D3-BF4B-00C04F79EFBC}") = "Unity.VisualScripting.Flow", "Unity.VisualScripting.Flow.csproj", "{56eeb5d0-eda9-ca20-ebba-525a8d92a845}"
EndProject
Project("{FAE04EC0-301F-11D3-BF4B-00C04F79EFBC}") = "Unity.VisualScripting.State", "Unity.VisualScripting.State.csproj", "{5d38733e-9609-d6f9-057b-7ef62d5e6133}"
EndProject
Project("{FAE04EC0-301F-11D3-BF4B-00C04F79EFBC}") = "Unity.VisualScripting.Core", "Unity.VisualScripting.Core.csproj", "{f0267aa5-8c7a-31ca-3532-257de97439ec}"
EndProject
Project("{FAE04EC0-301F-11D3-BF4B-00C04F79EFBC}") = "Unity.TextMeshPro", "Unity.TextMeshPro.csproj", "{a8ee8397-1a84-b779-8e0b-e568c0b2cf32}"
EndProject
Project("{FAE04EC0-301F-11D3-BF4B-00C04F79EFBC}") = "Unity.Timeline", "Unity.Timeline.csproj", "{61fc0752-629f-2715-abbd-376feee0001f}"
EndProject
Project("{FAE04EC0-301F-11D3-BF4B-00C04F79EFBC}") = "Assembly-CSharp", "Assembly-CSharp.csproj", "{0bbb99e0-e548-2fb1-cef2-eaa6ac7d114b}"
EndProject
Project("{FAE04EC0-301F-11D3-BF4B-00C04F79EFBC}") = "Unity.PlasticSCM.Editor", "Unity.PlasticSCM.Editor.csproj", "{77842ae3-6ace-426e-d97e-aafc574ffee0}"
EndProject
Project("{FAE04EC0-301F-11D3-BF4B-00C04F79EFBC}") = "Unity.VisualScripting.Core.Editor", "Unity.VisualScripting.Core.Editor.csproj", "{179ce194-8668-c031-ff48-59ceb4fb3715}"
EndProject
Project("{FAE04EC0-301F-11D3-BF4B-00C04F79EFBC}") = "Unity.VisualScripting.Flow.Editor", "Unity.VisualScripting.Flow.Editor.csproj", "{00872219-bea2-66e9-bdf7-f87769d2c035}"
EndProject
Project("{FAE04EC0-301F-11D3-BF4B-00C04F79EFBC}") = "Unity.VisualStudio.Editor", "Unity.VisualStudio.Editor.csproj", "{54f40afe-6b08-24fd-fc74-21f96cd9fd20}"
EndProject
Project("{FAE04EC0-301F-11D3-BF4B-00C04F79EFBC}") = "Unity.Timeline.Editor", "Unity.Timeline.Editor.csproj", "{0c31a6ef-948c-5962-a3aa-f496353c8196}"
EndProject
Project("{FAE04EC0-301F-11D3-BF4B-00C04F79EFBC}") = "Unity.VisualScripting.State.Editor", "Unity.VisualScripting.State.Editor.csproj", "{9cd38dd4-c831-a373-500a-5ce2cbfdf571}"
EndProject
Project("{FAE04EC0-301F-11D3-BF4B-00C04F79EFBC}") = "Unity.TextMeshPro.Editor", "Unity.TextMeshPro.Editor.csproj", "{fe19ab03-10a3-ec79-b011-49dc0f98ab69}"
EndProject
Project("{FAE04EC0-301F-11D3-BF4B-00C04F79EFBC}") = "Unity.VisualScripting.SettingsProvider.Editor", "Unity.VisualScripting.SettingsProvider.Editor.csproj", "{257fe438-200e-5623-2f0f-2fadf85256aa}"
EndProject
Project("{FAE04EC0-301F-11D3-BF4B-00C04F79EFBC}") = "UnityEditor.TestRunner", "UnityEditor.TestRunner.csproj", "{8cfe8563-568b-18bd-e2e9-7b4235b96b16}"
EndProject
Project("{FAE04EC0-301F-11D3-BF4B-00C04F79EFBC}") = "Unity.TestTools.CodeCoverage.Editor", "Unity.TestTools.CodeCoverage.Editor.csproj", "{f5b35603-dccd-96cb-3b9b-5fa3259fe57f}"
EndProject
Project("{FAE04EC0-301F-11D3-BF4B-00C04F79EFBC}") = "Unity.Rider.Editor", "Unity.Rider.Editor.csproj", "{424735ff-6e44-f7e1-aca8-15aea00948a9}"
EndProject
Project("{FAE04EC0-301F-11D3-BF4B-00C04F79EFBC}") = "Unity.Performance.Profile-Analyzer.Editor", "Unity.Performance.Profile-Analyzer.Editor.csproj", "{c8273d1b-38a3-9f43-271b-326932ebc5d1}"
EndProject
Project("{FAE04EC0-301F-11D3-BF4B-00C04F79EFBC}") = "Unity.VSCode.Editor", "Unity.VSCode.Editor.csproj", "{eb21e534-a24b-f273-f51c-1cb111ece107}"
EndProject
Project("{FAE04EC0-301F-11D3-BF4B-00C04F79EFBC}") = "UnityEditor.UI", "UnityEditor.UI.csproj", "{fc3aa439-3542-3ce3-8112-56b323b5bc25}"
EndProject
Project("{FAE04EC0-301F-11D3-BF4B-00C04F79EFBC}") = "Unity.TestTools.CodeCoverage.Editor.OpenCover.Model", "Unity.TestTools.CodeCoverage.Editor.OpenCover.Model.csproj", "{42180b33-a16e-69ab-27ee-3b74f3fd7f52}"
EndProject
Project("{FAE04EC0-301F-11D3-BF4B-00C04F79EFBC}") = "Unity.EditorCoroutines.Editor", "Unity.EditorCoroutines.Editor.csproj", "{6c6c4d7e-a461-ad5c-4709-af1ac972ddb6}"
EndProject
Project("{FAE04EC0-301F-11D3-BF4B-00C04F79EFBC}") = "Unity.Settings.Editor", "Unity.Settings.Editor.csproj", "{6a60e35e-689b-003b-8b44-f55451aa33ea}"
EndProject
Project("{FAE04EC0-301F-11D3-BF4B-00C04F79EFBC}") = "Unity.CollabProxy.Editor", "Unity.CollabProxy.Editor.csproj", "{874e05d1-2621-d47b-ced7-3f4838eea8e3}"
EndProject
Project("{FAE04EC0-301F-11D3-BF4B-00C04F79EFBC}") = "Unity.TestTools.CodeCoverage.Editor.OpenCover.Mono.Reflection", "Unity.TestTools.CodeCoverage.Editor.OpenCover.Mono.Reflection.csproj", "{4ad0ad97-1a3d-a99d-6624-a4d9e00b8139}"
EndProject
Project("{FAE04EC0-301F-11D3-BF4B-00C04F79EFBC}") = "Unity.VisualScripting.Shared.Editor", "Unity.VisualScripting.Shared.Editor.csproj", "{2c5defca-b08f-48e5-41c6-61de249d42f5}"
EndProject
Project("{FAE04EC0-301F-11D3-BF4B-00C04F79EFBC}") = "Assembly-CSharp-Editor", "Assembly-CSharp-Editor.csproj", "{49a64a5f-5c44-36f7-158a-ec19f3f9795b}"
EndProject
Global
	GlobalSection(SolutionConfigurationPlatforms) = preSolution
		Debug|Any CPU = Debug|Any CPU
	EndGlobalSection
	GlobalSection(ProjectConfigurationPlatforms) = postSolution
		{f124c5f0-7c07-e1dc-d780-2664ba81ed80}.Debug|Any CPU.ActiveCfg = Debug|Any CPU
		{f124c5f0-7c07-e1dc-d780-2664ba81ed80}.Debug|Any CPU.Build.0 = Debug|Any CPU
		{6dc92e53-536a-4dec-2a6e-88e5c9f9dbea}.Debug|Any CPU.ActiveCfg = Debug|Any CPU
		{6dc92e53-536a-4dec-2a6e-88e5c9f9dbea}.Debug|Any CPU.Build.0 = Debug|Any CPU
		{56eeb5d0-eda9-ca20-ebba-525a8d92a845}.Debug|Any CPU.ActiveCfg = Debug|Any CPU
		{56eeb5d0-eda9-ca20-ebba-525a8d92a845}.Debug|Any CPU.Build.0 = Debug|Any CPU
		{5d38733e-9609-d6f9-057b-7ef62d5e6133}.Debug|Any CPU.ActiveCfg = Debug|Any CPU
		{5d38733e-9609-d6f9-057b-7ef62d5e6133}.Debug|Any CPU.Build.0 = Debug|Any CPU
		{f0267aa5-8c7a-31ca-3532-257de97439ec}.Debug|Any CPU.ActiveCfg = Debug|Any CPU
		{f0267aa5-8c7a-31ca-3532-257de97439ec}.Debug|Any CPU.Build.0 = Debug|Any CPU
		{a8ee8397-1a84-b779-8e0b-e568c0b2cf32}.Debug|Any CPU.ActiveCfg = Debug|Any CPU
		{a8ee8397-1a84-b779-8e0b-e568c0b2cf32}.Debug|Any CPU.Build.0 = Debug|Any CPU
		{61fc0752-629f-2715-abbd-376feee0001f}.Debug|Any CPU.ActiveCfg = Debug|Any CPU
		{61fc0752-629f-2715-abbd-376feee0001f}.Debug|Any CPU.Build.0 = Debug|Any CPU
		{0bbb99e0-e548-2fb1-cef2-eaa6ac7d114b}.Debug|Any CPU.ActiveCfg = Debug|Any CPU
		{0bbb99e0-e548-2fb1-cef2-eaa6ac7d114b}.Debug|Any CPU.Build.0 = Debug|Any CPU
		{77842ae3-6ace-426e-d97e-aafc574ffee0}.Debug|Any CPU.ActiveCfg = Debug|Any CPU
		{77842ae3-6ace-426e-d97e-aafc574ffee0}.Debug|Any CPU.Build.0 = Debug|Any CPU
		{179ce194-8668-c031-ff48-59ceb4fb3715}.Debug|Any CPU.ActiveCfg = Debug|Any CPU
		{179ce194-8668-c031-ff48-59ceb4fb3715}.Debug|Any CPU.Build.0 = Debug|Any CPU
		{00872219-bea2-66e9-bdf7-f87769d2c035}.Debug|Any CPU.ActiveCfg = Debug|Any CPU
		{00872219-bea2-66e9-bdf7-f87769d2c035}.Debug|Any CPU.Build.0 = Debug|Any CPU
		{54f40afe-6b08-24fd-fc74-21f96cd9fd20}.Debug|Any CPU.ActiveCfg = Debug|Any CPU
		{54f40afe-6b08-24fd-fc74-21f96cd9fd20}.Debug|Any CPU.Build.0 = Debug|Any CPU
		{0c31a6ef-948c-5962-a3aa-f496353c8196}.Debug|Any CPU.ActiveCfg = Debug|Any CPU
		{0c31a6ef-948c-5962-a3aa-f496353c8196}.Debug|Any CPU.Build.0 = Debug|Any CPU
		{9cd38dd4-c831-a373-500a-5ce2cbfdf571}.Debug|Any CPU.ActiveCfg = Debug|Any CPU
		{9cd38dd4-c831-a373-500a-5ce2cbfdf571}.Debug|Any CPU.Build.0 = Debug|Any CPU
		{fe19ab03-10a3-ec79-b011-49dc0f98ab69}.Debug|Any CPU.ActiveCfg = Debug|Any CPU
		{fe19ab03-10a3-ec79-b011-49dc0f98ab69}.Debug|Any CPU.Build.0 = Debug|Any CPU
		{257fe438-200e-5623-2f0f-2fadf85256aa}.Debug|Any CPU.ActiveCfg = Debug|Any CPU
		{257fe438-200e-5623-2f0f-2fadf85256aa}.Debug|Any CPU.Build.0 = Debug|Any CPU
		{8cfe8563-568b-18bd-e2e9-7b4235b96b16}.Debug|Any CPU.ActiveCfg = Debug|Any CPU
		{8cfe8563-568b-18bd-e2e9-7b4235b96b16}.Debug|Any CPU.Build.0 = Debug|Any CPU
		{f5b35603-dccd-96cb-3b9b-5fa3259fe57f}.Debug|Any CPU.ActiveCfg = Debug|Any CPU
		{f5b35603-dccd-96cb-3b9b-5fa3259fe57f}.Debug|Any CPU.Build.0 = Debug|Any CPU
		{424735ff-6e44-f7e1-aca8-15aea00948a9}.Debug|Any CPU.ActiveCfg = Debug|Any CPU
		{424735ff-6e44-f7e1-aca8-15aea00948a9}.Debug|Any CPU.Build.0 = Debug|Any CPU
		{c8273d1b-38a3-9f43-271b-326932ebc5d1}.Debug|Any CPU.ActiveCfg = Debug|Any CPU
		{c8273d1b-38a3-9f43-271b-326932ebc5d1}.Debug|Any CPU.Build.0 = Debug|Any CPU
		{eb21e534-a24b-f273-f51c-1cb111ece107}.Debug|Any CPU.ActiveCfg = Debug|Any CPU
		{eb21e534-a24b-f273-f51c-1cb111ece107}.Debug|Any CPU.Build.0 = Debug|Any CPU
		{fc3aa439-3542-3ce3-8112-56b323b5bc25}.Debug|Any CPU.ActiveCfg = Debug|Any CPU
		{fc3aa439-3542-3ce3-8112-56b323b5bc25}.Debug|Any CPU.Build.0 = Debug|Any CPU
		{42180b33-a16e-69ab-27ee-3b74f3fd7f52}.Debug|Any CPU.ActiveCfg = Debug|Any CPU
		{42180b33-a16e-69ab-27ee-3b74f3fd7f52}.Debug|Any CPU.Build.0 = Debug|Any CPU
		{6c6c4d7e-a461-ad5c-4709-af1ac972ddb6}.Debug|Any CPU.ActiveCfg = Debug|Any CPU
		{6c6c4d7e-a461-ad5c-4709-af1ac972ddb6}.Debug|Any CPU.Build.0 = Debug|Any CPU
		{6a60e35e-689b-003b-8b44-f55451aa33ea}.Debug|Any CPU.ActiveCfg = Debug|Any CPU
		{6a60e35e-689b-003b-8b44-f55451aa33ea}.Debug|Any CPU.Build.0 = Debug|Any CPU
		{874e05d1-2621-d47b-ced7-3f4838eea8e3}.Debug|Any CPU.ActiveCfg = Debug|Any CPU
		{874e05d1-2621-d47b-ced7-3f4838eea8e3}.Debug|Any CPU.Build.0 = Debug|Any CPU
		{4ad0ad97-1a3d-a99d-6624-a4d9e00b8139}.Debug|Any CPU.ActiveCfg = Debug|Any CPU
		{4ad0ad97-1a3d-a99d-6624-a4d9e00b8139}.Debug|Any CPU.Build.0 = Debug|Any CPU
		{2c5defca-b08f-48e5-41c6-61de249d42f5}.Debug|Any CPU.ActiveCfg = Debug|Any CPU
		{2c5defca-b08f-48e5-41c6-61de249d42f5}.Debug|Any CPU.Build.0 = Debug|Any CPU
		{49a64a5f-5c44-36f7-158a-ec19f3f9795b}.Debug|Any CPU.ActiveCfg = Debug|Any CPU
		{49a64a5f-5c44-36f7-158a-ec19f3f9795b}.Debug|Any CPU.Build.0 = Debug|Any CPU
	EndGlobalSection
	GlobalSection(SolutionProperties) = preSolution
		HideSolutionNode = FALSE
	EndGlobalSection
EndGlobal
